# This file is autogenerated, do not edit; changes may be undone by the next 'dep ensure'.


[[projects]]
  name = "github.com/justincampbell/anybar"
  packages = ["."]
  revision = "eb818cda69b429f128bc76d2eec524f2affd9449"
  version = "v0.1.0"

[solve-meta]
  analyzer-name = "dep"
  analyzer-version = 1
  inputs-digest = "ea2bf7ace137d2c7ceb93b9120ce02e4baa749f6f8b8fcb32f2451851d55fd7a"
  solver-name = "gps-cdcl"
  solver-version = 1
